
Microsoft Visual Studio Solution File, Format Version 12.00
# Visual Studio Version 17
VisualStudioVersion = 17.4.33213.308
MinimumVisualStudioVersion = 10.0.40219.1
Project("{FAE04EC0-301F-11D3-BF4B-00C04F79EFBC}") = "Pract№2", "Pract№2\Pract№2.csproj", "{60849D48-44A9-4460-8667-99FF69D1E5A5}"
EndProject
Global
	GlobalSection(SolutionConfigurationPlatforms) = preSolution
		Debug|Any CPU = Debug|Any CPU
		Release|Any CPU = Release|Any CPU
	EndGlobalSection
	GlobalSection(ProjectConfigurationPlatforms) = postSolution
		{60849D48-44A9-4460-8667-99FF69D1E5A5}.Debug|Any CPU.ActiveCfg = Debug|Any CPU
		{60849D48-44A9-4460-8667-99FF69D1E5A5}.Debug|Any CPU.Build.0 = Debug|Any CPU
		{60849D48-44A9-4460-8667-99FF69D1E5A5}.Release|Any CPU.ActiveCfg = Release|Any CPU
		{60849D48-44A9-4460-8667-99FF69D1E5A5}.Release|Any CPU.Build.0 = Release|Any CPU
	EndGlobalSection
	GlobalSection(SolutionProperties) = preSolution
		HideSolutionNode = FALSE
	EndGlobalSection
	GlobalSection(ExtensibilityGlobals) = postSolution
		SolutionGuid = {6E693047-0E23-4768-97DD-58A6C7A3AF8C}
	EndGlobalSection
EndGlobal
