
Microsoft Visual Studio Solution File, Format Version 12.00
# Visual Studio Version 17
VisualStudioVersion = 17.4.33213.308
MinimumVisualStudioVersion = 10.0.40219.1
Project("{FAE04EC0-301F-11D3-BF4B-00C04F79EFBC}") = "Pract№5", "Pract№5\Pract№5.csproj", "{5DBAF7AE-38B4-47C1-80C4-F4AA95EC00E4}"
EndProject
Global
	GlobalSection(SolutionConfigurationPlatforms) = preSolution
		Debug|Any CPU = Debug|Any CPU
		Release|Any CPU = Release|Any CPU
	EndGlobalSection
	GlobalSection(ProjectConfigurationPlatforms) = postSolution
		{5DBAF7AE-38B4-47C1-80C4-F4AA95EC00E4}.Debug|Any CPU.ActiveCfg = Debug|Any CPU
		{5DBAF7AE-38B4-47C1-80C4-F4AA95EC00E4}.Debug|Any CPU.Build.0 = Debug|Any CPU
		{5DBAF7AE-38B4-47C1-80C4-F4AA95EC00E4}.Release|Any CPU.ActiveCfg = Release|Any CPU
		{5DBAF7AE-38B4-47C1-80C4-F4AA95EC00E4}.Release|Any CPU.Build.0 = Release|Any CPU
	EndGlobalSection
	GlobalSection(SolutionProperties) = preSolution
		HideSolutionNode = FALSE
	EndGlobalSection
	GlobalSection(ExtensibilityGlobals) = postSolution
		SolutionGuid = {831F681B-7276-4614-BD11-1D732AE94143}
	EndGlobalSection
EndGlobal
